// !$*UTF8*$!
{
	archiveVersion = 1;
	classes = {
	};
	objectVersion = 46;
	objects = {

/* Begin PBXBuildFile section */
		0207DA581B56EA530066E2B4 /* Images.xcassets in Resources */ = {isa = PBXBuildFile; fileRef = 0207DA571B56EA530066E2B4 /* Images.xcassets */; };
		1D3623260D0F684500981E51 /* AppDelegate.m in Sources */ = {isa = PBXBuildFile; fileRef = 1D3623250D0F684500981E51 /* AppDelegate.m */; };
		1D60589B0D05DD56006BFB54 /* main.m in Sources */ = {isa = PBXBuildFile; fileRef = 29B97316FDCFA39411CA2CEA /* main.m */; };
		301BF552109A68D80062928A /* libCordova.a in Frameworks */ = {isa = PBXBuildFile; fileRef = 301BF535109A57CC0062928A /* libCordova.a */; };
		302D95F114D2391D003F00A1 /* MainViewController.m in Sources */ = {isa = PBXBuildFile; fileRef = 302D95EF14D2391D003F00A1 /* MainViewController.m */; };
		302D95F214D2391D003F00A1 /* MainViewController.xib in Resources */ = {isa = PBXBuildFile; fileRef = 302D95F014D2391D003F00A1 /* MainViewController.xib */; };
		3DDEC1FEE6B54A6E99D0A593 /* PluginRTCPeerConnectionConfig.swift in Sources */ = {isa = PBXBuildFile; fileRef = C18D7A78BD304A9A9CDFADF5 /* PluginRTCPeerConnectionConfig.swift */; };
		4778490047614802B60FC659 /* libsqlite3.0.dylib in Frameworks */ = {isa = PBXBuildFile; fileRef = E79A09ADD4AB442582AABA49 /* libsqlite3.0.dylib */; };
		51C4B71EDD7942FA86EDC6F6 /* CoreVideo.framework in Frameworks */ = {isa = PBXBuildFile; fileRef = AC224345395740FF90A174ED /* CoreVideo.framework */; };
		53ABAA5BE4CE448E8A2CA64B /* iosrtcPlugin.swift in Sources */ = {isa = PBXBuildFile; fileRef = 6BBF2475DE4D4949982456A2 /* iosrtcPlugin.swift */; };
		629A328AD5F148F4A20FC859 /* PluginRTCDTMFSender.swift in Sources */ = {isa = PBXBuildFile; fileRef = 369B626E1FCD45EF990F5E04 /* PluginRTCDTMFSender.swift */; };
		66CE3C74D60F4523A75ACE9C /* PluginEnumerateDevices.swift in Sources */ = {isa = PBXBuildFile; fileRef = EC85A7779A6945DD91D5C760 /* PluginEnumerateDevices.swift */; };
		73C9F6BD4A0647FE88A9F557 /* CoreAudio.framework in Frameworks */ = {isa = PBXBuildFile; fileRef = 45800738EEDC400FA20C1493 /* CoreAudio.framework */; };
		7EB8E6C156A04C6B958B6AE9 /* OpenGLES.framework in Frameworks */ = {isa = PBXBuildFile; fileRef = 43F3B0E4E40D489FB351C079 /* OpenGLES.framework */; };
		8532F583DD444757BEB3BB29 /* PluginMediaStream.swift in Sources */ = {isa = PBXBuildFile; fileRef = CD250CEDB3554E6D83895C36 /* PluginMediaStream.swift */; };
		867A355473AC4EB4BCDB4B5D /* libstdc++.dylib in Frameworks */ = {isa = PBXBuildFile; fileRef = 8F5D059C071B49738559D541 /* libstdc++.dylib */; };
		8A30D51541DD40D4B6EC7B65 /* libc++.dylib in Frameworks */ = {isa = PBXBuildFile; fileRef = EA3AF0FB84ED4ACD82C2CB72 /* libc++.dylib */; };
		8BDBCDC7551F4AAD95775636 /* PluginRTCPeerConnectionConstraints.swift in Sources */ = {isa = PBXBuildFile; fileRef = 89E9B7B83DCD4FFEB597A68E /* PluginRTCPeerConnectionConstraints.swift */; };
		9A0A2A7B279245ABA73DD81C /* AVFoundation.framework in Frameworks */ = {isa = PBXBuildFile; fileRef = 25AA83B953864B66A6E07D1A /* AVFoundation.framework */; };
		A36C18C04EC44DEF8B7B22B4 /* GLKit.framework in Frameworks */ = {isa = PBXBuildFile; fileRef = 199D42D05F1847209115824E /* GLKit.framework */; };
		A8DB4C92722B4305BC7152A4 /* PluginRTCPeerConnection.swift in Sources */ = {isa = PBXBuildFile; fileRef = 0931CB44B256494BABA8C712 /* PluginRTCPeerConnection.swift */; };
		AC37A9192A7E4A18A7F61A99 /* PluginMediaStreamRenderer.swift in Sources */ = {isa = PBXBuildFile; fileRef = 0A1CB46E62C94C309D4B48CD /* PluginMediaStreamRenderer.swift */; };
		ADF0641A7B114E9C8FEC8493 /* PluginMediaStreamTrack.swift in Sources */ = {isa = PBXBuildFile; fileRef = 68DDC46C80E543DB9A50D542 /* PluginMediaStreamTrack.swift */; };
		B1FD725DD80E44ED881132FF /* AudioToolbox.framework in Frameworks */ = {isa = PBXBuildFile; fileRef = F4C8B6020B85420D9D256398 /* AudioToolbox.framework */; };
		B4191CCE329049AAA92946EF /* CoreLocation.framework in Frameworks */ = {isa = PBXBuildFile; fileRef = F75D8EACECCD4BD9A6A1C79E /* CoreLocation.framework */; };
		B51001E7F2A944CDB20E663F /* QuartzCore.framework in Frameworks */ = {isa = PBXBuildFile; fileRef = E530B59D6AED4C409A834748 /* QuartzCore.framework */; };
		BDB970C1AB054AE9A6954546 /* PluginUtils.swift in Sources */ = {isa = PBXBuildFile; fileRef = FFC961804E394F23AD5D3AAC /* PluginUtils.swift */; };
		D0CC9346836F49F0941C0131 /* libWebRTC-LATEST-Universal-Release.a in Frameworks */ = {isa = PBXBuildFile; fileRef = 6194494EFD85475D9724A859 /* libWebRTC-LATEST-Universal-Release.a */; };
		DDB324C8171C434C82410EF3 /* PluginRTCDataChannel.swift in Sources */ = {isa = PBXBuildFile; fileRef = 8B90F9C446CD4DE4B4605427 /* PluginRTCDataChannel.swift */; };
		E5F31D1E6BB042AC914760EB /* PluginRTCTypes.swift in Sources */ = {isa = PBXBuildFile; fileRef = EE2A6F563CDF45E497890A32 /* PluginRTCTypes.swift */; };
		ED09C78FEA2041288870AEB9 /* VideoToolbox.framework in Frameworks */ = {isa = PBXBuildFile; fileRef = B22CD8B59544483E9D579D02 /* VideoToolbox.framework */; };
		F136B85A5AEF4EBAABB4B055 /* CoreMedia.framework in Frameworks */ = {isa = PBXBuildFile; fileRef = 81B321DB62474E4095D0102E /* CoreMedia.framework */; };
		F7E73165FCE8472AB6E63B15 /* PluginGetUserMedia.swift in Sources */ = {isa = PBXBuildFile; fileRef = 424DF4EE9F8C44B1BA392CDB /* PluginGetUserMedia.swift */; };
/* End PBXBuildFile section */

/* Begin PBXContainerItemProxy section */
		301BF534109A57CC0062928A /* PBXContainerItemProxy */ = {
			isa = PBXContainerItemProxy;
			containerPortal = 301BF52D109A57CC0062928A /* CordovaLib.xcodeproj */;
			proxyType = 2;
			remoteGlobalIDString = D2AAC07E0554694100DB518D;
			remoteInfo = CordovaLib;
		};
		301BF550109A68C00062928A /* PBXContainerItemProxy */ = {
			isa = PBXContainerItemProxy;
			containerPortal = 301BF52D109A57CC0062928A /* CordovaLib.xcodeproj */;
			proxyType = 1;
			remoteGlobalIDString = D2AAC07D0554694100DB518D;
			remoteInfo = CordovaLib;
		};
/* End PBXContainerItemProxy section */

/* Begin PBXFileReference section */
		0121A9F9C7FD444EB5FE5AC5 /* RTCSessionDescriptionDelegate.h */ = {isa = PBXFileReference; explicitFileType = undefined; fileEncoding = 4; includeInIndex = 0; lastKnownFileType = sourcecode.c.h; name = RTCSessionDescriptionDelegate.h; path = "cordova-plugin-iosrtc/RTCSessionDescriptionDelegate.h"; sourceTree = "<group>"; };
		0207DA571B56EA530066E2B4 /* Images.xcassets */ = {isa = PBXFileReference; lastKnownFileType = folder.assetcatalog; name = Images.xcassets; path = VoptiApp/Images.xcassets; sourceTree = SOURCE_ROOT; };
		07F725AC4D6540329543ADF0 /* RTCMediaStream.h */ = {isa = PBXFileReference; explicitFileType = undefined; fileEncoding = 4; includeInIndex = 0; lastKnownFileType = sourcecode.c.h; name = RTCMediaStream.h; path = "cordova-plugin-iosrtc/RTCMediaStream.h"; sourceTree = "<group>"; };
		0931CB44B256494BABA8C712 /* PluginRTCPeerConnection.swift */ = {isa = PBXFileReference; explicitFileType = undefined; fileEncoding = 4; includeInIndex = 0; lastKnownFileType = sourcecode.swift; name = PluginRTCPeerConnection.swift; path = "cordova-plugin-iosrtc/PluginRTCPeerConnection.swift"; sourceTree = "<group>"; };
		0A1CB46E62C94C309D4B48CD /* PluginMediaStreamRenderer.swift */ = {isa = PBXFileReference; explicitFileType = undefined; fileEncoding = 4; includeInIndex = 0; lastKnownFileType = sourcecode.swift; name = PluginMediaStreamRenderer.swift; path = "cordova-plugin-iosrtc/PluginMediaStreamRenderer.swift"; sourceTree = "<group>"; };
		0A2632EB2E6242F0910A883F /* RTCMediaSource.h */ = {isa = PBXFileReference; explicitFileType = undefined; fileEncoding = 4; includeInIndex = 0; lastKnownFileType = sourcecode.c.h; name = RTCMediaSource.h; path = "cordova-plugin-iosrtc/RTCMediaSource.h"; sourceTree = "<group>"; };
		134F8B6BD3E5425DBA9AB331 /* RTCAudioSource.h */ = {isa = PBXFileReference; explicitFileType = undefined; fileEncoding = 4; includeInIndex = 0; lastKnownFileType = sourcecode.c.h; name = RTCAudioSource.h; path = "cordova-plugin-iosrtc/RTCAudioSource.h"; sourceTree = "<group>"; };
		199D42D05F1847209115824E /* GLKit.framework */ = {isa = PBXFileReference; explicitFileType = undefined; fileEncoding = 9; includeInIndex = 0; lastKnownFileType = wrapper.framework; name = GLKit.framework; path = System/Library/Frameworks/GLKit.framework; sourceTree = SDKROOT; };
		1D3623240D0F684500981E51 /* AppDelegate.h */ = {isa = PBXFileReference; fileEncoding = 4; lastKnownFileType = sourcecode.c.h; path = AppDelegate.h; sourceTree = "<group>"; };
		1D3623250D0F684500981E51 /* AppDelegate.m */ = {isa = PBXFileReference; fileEncoding = 4; lastKnownFileType = sourcecode.c.objc; path = AppDelegate.m; sourceTree = "<group>"; };
		1D6058910D05DD3D006BFB54 /* VoptiApp.app */ = {isa = PBXFileReference; explicitFileType = wrapper.application; includeInIndex = 0; path = VoptiApp.app; sourceTree = BUILT_PRODUCTS_DIR; };
		1EB0B184091F4D79ADDD0EC5 /* RTCStatsDelegate.h */ = {isa = PBXFileReference; explicitFileType = undefined; fileEncoding = 4; includeInIndex = 0; lastKnownFileType = sourcecode.c.h; name = RTCStatsDelegate.h; path = "cordova-plugin-iosrtc/RTCStatsDelegate.h"; sourceTree = "<group>"; };
		244BD6858F414BA79A91089E /* RTCSessionDescription.h */ = {isa = PBXFileReference; explicitFileType = undefined; fileEncoding = 4; includeInIndex = 0; lastKnownFileType = sourcecode.c.h; name = RTCSessionDescription.h; path = "cordova-plugin-iosrtc/RTCSessionDescription.h"; sourceTree = "<group>"; };
		25AA83B953864B66A6E07D1A /* AVFoundation.framework */ = {isa = PBXFileReference; explicitFileType = undefined; fileEncoding = 9; includeInIndex = 0; lastKnownFileType = wrapper.framework; name = AVFoundation.framework; path = System/Library/Frameworks/AVFoundation.framework; sourceTree = SDKROOT; };
		29B97316FDCFA39411CA2CEA /* main.m */ = {isa = PBXFileReference; fileEncoding = 4; lastKnownFileType = sourcecode.c.objc; path = main.m; sourceTree = "<group>"; };
		301BF52D109A57CC0062928A /* CordovaLib.xcodeproj */ = {isa = PBXFileReference; lastKnownFileType = "wrapper.pb-project"; name = CordovaLib.xcodeproj; path = CordovaLib/CordovaLib.xcodeproj; sourceTree = "<group>"; };
		301BF56E109A69640062928A /* www */ = {isa = PBXFileReference; lastKnownFileType = folder; path = www; sourceTree = SOURCE_ROOT; };
		302D95EE14D2391D003F00A1 /* MainViewController.h */ = {isa = PBXFileReference; fileEncoding = 4; lastKnownFileType = sourcecode.c.h; path = MainViewController.h; sourceTree = "<group>"; };
		302D95EF14D2391D003F00A1 /* MainViewController.m */ = {isa = PBXFileReference; fileEncoding = 4; lastKnownFileType = sourcecode.c.objc; path = MainViewController.m; sourceTree = "<group>"; };
		302D95F014D2391D003F00A1 /* MainViewController.xib */ = {isa = PBXFileReference; fileEncoding = 4; lastKnownFileType = file.xib; path = MainViewController.xib; sourceTree = "<group>"; };
		304793AF3BFA4E00B5FD3D2D /* RTCPeerConnection.h */ = {isa = PBXFileReference; explicitFileType = undefined; fileEncoding = 4; includeInIndex = 0; lastKnownFileType = sourcecode.c.h; name = RTCPeerConnection.h; path = "cordova-plugin-iosrtc/RTCPeerConnection.h"; sourceTree = "<group>"; };
		3047A50F1AB8059700498E2A /* build-debug.xcconfig */ = {isa = PBXFileReference; fileEncoding = 4; lastKnownFileType = text.xcconfig; name = "build-debug.xcconfig"; path = "cordova/build-debug.xcconfig"; sourceTree = SOURCE_ROOT; };
		3047A5101AB8059700498E2A /* build-release.xcconfig */ = {isa = PBXFileReference; fileEncoding = 4; lastKnownFileType = text.xcconfig; name = "build-release.xcconfig"; path = "cordova/build-release.xcconfig"; sourceTree = SOURCE_ROOT; };
		3047A5111AB8059700498E2A /* build.xcconfig */ = {isa = PBXFileReference; fileEncoding = 4; lastKnownFileType = text.xcconfig; name = build.xcconfig; path = cordova/build.xcconfig; sourceTree = SOURCE_ROOT; };
		32CA4F630368D1EE00C91783 /* VoptiApp-Prefix.pch */ = {isa = PBXFileReference; fileEncoding = 4; lastKnownFileType = sourcecode.c.h; path = "VoptiApp-Prefix.pch"; sourceTree = "<group>"; };
		341AC42B31914EE08C4B69E6 /* RTCDataChannel.h */ = {isa = PBXFileReference; explicitFileType = undefined; fileEncoding = 4; includeInIndex = 0; lastKnownFileType = sourcecode.c.h; name = RTCDataChannel.h; path = "cordova-plugin-iosrtc/RTCDataChannel.h"; sourceTree = "<group>"; };
		369B626E1FCD45EF990F5E04 /* PluginRTCDTMFSender.swift */ = {isa = PBXFileReference; explicitFileType = undefined; fileEncoding = 4; includeInIndex = 0; lastKnownFileType = sourcecode.swift; name = PluginRTCDTMFSender.swift; path = "cordova-plugin-iosrtc/PluginRTCDTMFSender.swift"; sourceTree = "<group>"; };
		37E05B2667914FABA1C40165 /* RTCICECandidate.h */ = {isa = PBXFileReference; explicitFileType = undefined; fileEncoding = 4; includeInIndex = 0; lastKnownFileType = sourcecode.c.h; name = RTCICECandidate.h; path = "cordova-plugin-iosrtc/RTCICECandidate.h"; sourceTree = "<group>"; };
		420E502F5E184A45A0997815 /* RTCDTMFSender.h */ = {isa = PBXFileReference; explicitFileType = undefined; fileEncoding = 4; includeInIndex = 0; lastKnownFileType = sourcecode.c.h; name = RTCDTMFSender.h; path = "cordova-plugin-iosrtc/RTCDTMFSender.h"; sourceTree = "<group>"; };
		424DF4EE9F8C44B1BA392CDB /* PluginGetUserMedia.swift */ = {isa = PBXFileReference; explicitFileType = undefined; fileEncoding = 4; includeInIndex = 0; lastKnownFileType = sourcecode.swift; name = PluginGetUserMedia.swift; path = "cordova-plugin-iosrtc/PluginGetUserMedia.swift"; sourceTree = "<group>"; };
		43C0B7BFB168420A8970912B /* RTCStatsReport.h */ = {isa = PBXFileReference; explicitFileType = undefined; fileEncoding = 4; includeInIndex = 0; lastKnownFileType = sourcecode.c.h; name = RTCStatsReport.h; path = "cordova-plugin-iosrtc/RTCStatsReport.h"; sourceTree = "<group>"; };
		43F3B0E4E40D489FB351C079 /* OpenGLES.framework */ = {isa = PBXFileReference; explicitFileType = undefined; fileEncoding = 9; includeInIndex = 0; lastKnownFileType = wrapper.framework; name = OpenGLES.framework; path = System/Library/Frameworks/OpenGLES.framework; sourceTree = SDKROOT; };
		45800738EEDC400FA20C1493 /* CoreAudio.framework */ = {isa = PBXFileReference; explicitFileType = undefined; fileEncoding = 9; includeInIndex = 0; lastKnownFileType = wrapper.framework; name = CoreAudio.framework; path = System/Library/Frameworks/CoreAudio.framework; sourceTree = SDKROOT; };
		48F87A9AA9654BCBB405DC95 /* RTCOpenGLVideoRenderer.h */ = {isa = PBXFileReference; explicitFileType = undefined; fileEncoding = 4; includeInIndex = 0; lastKnownFileType = sourcecode.c.h; name = RTCOpenGLVideoRenderer.h; path = "cordova-plugin-iosrtc/RTCOpenGLVideoRenderer.h"; sourceTree = "<group>"; };
		523CDFF2CE4E4A0B87C7AFEE /* RTCPeerConnectionInterface.h */ = {isa = PBXFileReference; explicitFileType = undefined; fileEncoding = 4; includeInIndex = 0; lastKnownFileType = sourcecode.c.h; name = RTCPeerConnectionInterface.h; path = "cordova-plugin-iosrtc/RTCPeerConnectionInterface.h"; sourceTree = "<group>"; };
		53219E7BE11B42D28792610B /* cordova-plugin-iosrtc-Bridging-Header.h */ = {isa = PBXFileReference; explicitFileType = undefined; fileEncoding = 4; includeInIndex = 0; lastKnownFileType = sourcecode.c.h; name = "cordova-plugin-iosrtc-Bridging-Header.h"; path = "cordova-plugin-iosrtc/cordova-plugin-iosrtc-Bridging-Header.h"; sourceTree = "<group>"; };
		540B8FA8475B4C54A63D47CD /* RTCFileLogger.h */ = {isa = PBXFileReference; explicitFileType = undefined; fileEncoding = 4; includeInIndex = 0; lastKnownFileType = sourcecode.c.h; name = RTCFileLogger.h; path = "cordova-plugin-iosrtc/RTCFileLogger.h"; sourceTree = "<group>"; };
		6194494EFD85475D9724A859 /* libWebRTC-LATEST-Universal-Release.a */ = {isa = PBXFileReference; explicitFileType = undefined; fileEncoding = 9; includeInIndex = 0; lastKnownFileType = archive.ar; name = "libWebRTC-LATEST-Universal-Release.a"; path = "VoptiApp/Plugins/cordova-plugin-iosrtc/libWebRTC-LATEST-Universal-Release.a"; sourceTree = "<group>"; };
		6200E1F078D141B0AF2D55DC /* RTCVideoCapturer.h */ = {isa = PBXFileReference; explicitFileType = undefined; fileEncoding = 4; includeInIndex = 0; lastKnownFileType = sourcecode.c.h; name = RTCVideoCapturer.h; path = "cordova-plugin-iosrtc/RTCVideoCapturer.h"; sourceTree = "<group>"; };
		68DDC46C80E543DB9A50D542 /* PluginMediaStreamTrack.swift */ = {isa = PBXFileReference; explicitFileType = undefined; fileEncoding = 4; includeInIndex = 0; lastKnownFileType = sourcecode.swift; name = PluginMediaStreamTrack.swift; path = "cordova-plugin-iosrtc/PluginMediaStreamTrack.swift"; sourceTree = "<group>"; };
		6BBF2475DE4D4949982456A2 /* iosrtcPlugin.swift */ = {isa = PBXFileReference; explicitFileType = undefined; fileEncoding = 4; includeInIndex = 0; lastKnownFileType = sourcecode.swift; name = iosrtcPlugin.swift; path = "cordova-plugin-iosrtc/iosrtcPlugin.swift"; sourceTree = "<group>"; };
		6DCBD96E739E468E87D53E6D /* RTCAVFoundationVideoSource.h */ = {isa = PBXFileReference; explicitFileType = undefined; fileEncoding = 4; includeInIndex = 0; lastKnownFileType = sourcecode.c.h; name = RTCAVFoundationVideoSource.h; path = "cordova-plugin-iosrtc/RTCAVFoundationVideoSource.h"; sourceTree = "<group>"; };
		72B109C871E64F6EBE0FE058 /* RTCTypes.h */ = {isa = PBXFileReference; explicitFileType = undefined; fileEncoding = 4; includeInIndex = 0; lastKnownFileType = sourcecode.c.h; name = RTCTypes.h; path = "cordova-plugin-iosrtc/RTCTypes.h"; sourceTree = "<group>"; };
		81B321DB62474E4095D0102E /* CoreMedia.framework */ = {isa = PBXFileReference; explicitFileType = undefined; fileEncoding = 9; includeInIndex = 0; lastKnownFileType = wrapper.framework; name = CoreMedia.framework; path = System/Library/Frameworks/CoreMedia.framework; sourceTree = SDKROOT; };
		89E9B7B83DCD4FFEB597A68E /* PluginRTCPeerConnectionConstraints.swift */ = {isa = PBXFileReference; explicitFileType = undefined; fileEncoding = 4; includeInIndex = 0; lastKnownFileType = sourcecode.swift; name = PluginRTCPeerConnectionConstraints.swift; path = "cordova-plugin-iosrtc/PluginRTCPeerConnectionConstraints.swift"; sourceTree = "<group>"; };
		8B90F9C446CD4DE4B4605427 /* PluginRTCDataChannel.swift */ = {isa = PBXFileReference; explicitFileType = undefined; fileEncoding = 4; includeInIndex = 0; lastKnownFileType = sourcecode.swift; name = PluginRTCDataChannel.swift; path = "cordova-plugin-iosrtc/PluginRTCDataChannel.swift"; sourceTree = "<group>"; };
		8D1107310486CEB800E47090 /* VoptiApp-Info.plist */ = {isa = PBXFileReference; fileEncoding = 4; lastKnownFileType = text.plist.xml; name = "VoptiApp-Info.plist"; path = "VoptiApp/VoptiApp-Info.plist"; plistStructureDefinitionIdentifier = "com.apple.xcode.plist.structure-definition.iphone.info-plist"; sourceTree = SOURCE_ROOT; };
		8F5D059C071B49738559D541 /* libstdc++.dylib */ = {isa = PBXFileReference; explicitFileType = undefined; fileEncoding = 9; includeInIndex = 0; lastKnownFileType = "compiled.mach-o.dylib"; name = "libstdc++.dylib"; path = "usr/lib/libstdc++.dylib"; sourceTree = SDKROOT; };
		97C3114477D442EA913A0387 /* RTCMediaStreamTrack.h */ = {isa = PBXFileReference; explicitFileType = undefined; fileEncoding = 4; includeInIndex = 0; lastKnownFileType = sourcecode.c.h; name = RTCMediaStreamTrack.h; path = "cordova-plugin-iosrtc/RTCMediaStreamTrack.h"; sourceTree = "<group>"; };
		9EFB0E602B064E98845A7E34 /* RTCAudioTrack.h */ = {isa = PBXFileReference; explicitFileType = undefined; fileEncoding = 4; includeInIndex = 0; lastKnownFileType = sourcecode.c.h; name = RTCAudioTrack.h; path = "cordova-plugin-iosrtc/RTCAudioTrack.h"; sourceTree = "<group>"; };
		AA9FA49AE06743498594A5F5 /* RTCVideoSource.h */ = {isa = PBXFileReference; explicitFileType = undefined; fileEncoding = 4; includeInIndex = 0; lastKnownFileType = sourcecode.c.h; name = RTCVideoSource.h; path = "cordova-plugin-iosrtc/RTCVideoSource.h"; sourceTree = "<group>"; };
		AAFD9867A34C4AF68EE72A26 /* RTCNSGLVideoView.h */ = {isa = PBXFileReference; explicitFileType = undefined; fileEncoding = 4; includeInIndex = 0; lastKnownFileType = sourcecode.c.h; name = RTCNSGLVideoView.h; path = "cordova-plugin-iosrtc/RTCNSGLVideoView.h"; sourceTree = "<group>"; };
		AC224345395740FF90A174ED /* CoreVideo.framework */ = {isa = PBXFileReference; explicitFileType = undefined; fileEncoding = 9; includeInIndex = 0; lastKnownFileType = wrapper.framework; name = CoreVideo.framework; path = System/Library/Frameworks/CoreVideo.framework; sourceTree = SDKROOT; };
		B22CD8B59544483E9D579D02 /* VideoToolbox.framework */ = {isa = PBXFileReference; explicitFileType = undefined; fileEncoding = 9; includeInIndex = 0; lastKnownFileType = wrapper.framework; name = VideoToolbox.framework; path = System/Library/Frameworks/VideoToolbox.framework; sourceTree = SDKROOT; };
		B554EFE412994ED5A43FF616 /* RTCPeerConnectionDelegate.h */ = {isa = PBXFileReference; explicitFileType = undefined; fileEncoding = 4; includeInIndex = 0; lastKnownFileType = sourcecode.c.h; name = RTCPeerConnectionDelegate.h; path = "cordova-plugin-iosrtc/RTCPeerConnectionDelegate.h"; sourceTree = "<group>"; };
		B819DBB55210474A825AE5E8 /* RTCPair.h */ = {isa = PBXFileReference; explicitFileType = undefined; fileEncoding = 4; includeInIndex = 0; lastKnownFileType = sourcecode.c.h; name = RTCPair.h; path = "cordova-plugin-iosrtc/RTCPair.h"; sourceTree = "<group>"; };
		C18D7A78BD304A9A9CDFADF5 /* PluginRTCPeerConnectionConfig.swift */ = {isa = PBXFileReference; explicitFileType = undefined; fileEncoding = 4; includeInIndex = 0; lastKnownFileType = sourcecode.swift; name = PluginRTCPeerConnectionConfig.swift; path = "cordova-plugin-iosrtc/PluginRTCPeerConnectionConfig.swift"; sourceTree = "<group>"; };
		CD1588DD1236408BAA3FC0D9 /* RTCLogging.h */ = {isa = PBXFileReference; explicitFileType = undefined; fileEncoding = 4; includeInIndex = 0; lastKnownFileType = sourcecode.c.h; name = RTCLogging.h; path = "cordova-plugin-iosrtc/RTCLogging.h"; sourceTree = "<group>"; };
		CD250CEDB3554E6D83895C36 /* PluginMediaStream.swift */ = {isa = PBXFileReference; explicitFileType = undefined; fileEncoding = 4; includeInIndex = 0; lastKnownFileType = sourcecode.swift; name = PluginMediaStream.swift; path = "cordova-plugin-iosrtc/PluginMediaStream.swift"; sourceTree = "<group>"; };
		CE808F2DDED74AFA8E6678AB /* RTCI420Frame.h */ = {isa = PBXFileReference; explicitFileType = undefined; fileEncoding = 4; includeInIndex = 0; lastKnownFileType = sourcecode.c.h; name = RTCI420Frame.h; path = "cordova-plugin-iosrtc/RTCI420Frame.h"; sourceTree = "<group>"; };
		DA605E19E12348C9AB998590 /* RTCPeerConnectionFactory.h */ = {isa = PBXFileReference; explicitFileType = undefined; fileEncoding = 4; includeInIndex = 0; lastKnownFileType = sourcecode.c.h; name = RTCPeerConnectionFactory.h; path = "cordova-plugin-iosrtc/RTCPeerConnectionFactory.h"; sourceTree = "<group>"; };
		DC3A69A18C7D4B2CBDB14103 /* RTCVideoRenderer.h */ = {isa = PBXFileReference; explicitFileType = undefined; fileEncoding = 4; includeInIndex = 0; lastKnownFileType = sourcecode.c.h; name = RTCVideoRenderer.h; path = "cordova-plugin-iosrtc/RTCVideoRenderer.h"; sourceTree = "<group>"; };
		E530B59D6AED4C409A834748 /* QuartzCore.framework */ = {isa = PBXFileReference; explicitFileType = undefined; fileEncoding = 9; includeInIndex = 0; lastKnownFileType = wrapper.framework; name = QuartzCore.framework; path = System/Library/Frameworks/QuartzCore.framework; sourceTree = SDKROOT; };
		E79A09ADD4AB442582AABA49 /* libsqlite3.0.dylib */ = {isa = PBXFileReference; explicitFileType = undefined; fileEncoding = 9; includeInIndex = 0; lastKnownFileType = "compiled.mach-o.dylib"; name = libsqlite3.0.dylib; path = usr/lib/libsqlite3.0.dylib; sourceTree = SDKROOT; };
		EA28C44101FF40A8B6FBE94A /* RTCVideoTrack.h */ = {isa = PBXFileReference; explicitFileType = undefined; fileEncoding = 4; includeInIndex = 0; lastKnownFileType = sourcecode.c.h; name = RTCVideoTrack.h; path = "cordova-plugin-iosrtc/RTCVideoTrack.h"; sourceTree = "<group>"; };
		EA3AF0FB84ED4ACD82C2CB72 /* libc++.dylib */ = {isa = PBXFileReference; explicitFileType = undefined; fileEncoding = 9; includeInIndex = 0; lastKnownFileType = "compiled.mach-o.dylib"; name = "libc++.dylib"; path = "usr/lib/libc++.dylib"; sourceTree = SDKROOT; };
		EB87FDF31871DA8E0020F90C /* www */ = {isa = PBXFileReference; lastKnownFileType = folder; name = www; path = ../../www; sourceTree = "<group>"; };
		EB87FDF41871DAF40020F90C /* config.xml */ = {isa = PBXFileReference; lastKnownFileType = text.xml; name = config.xml; path = ../../config.xml; sourceTree = "<group>"; };
		EC85A7779A6945DD91D5C760 /* PluginEnumerateDevices.swift */ = {isa = PBXFileReference; explicitFileType = undefined; fileEncoding = 4; includeInIndex = 0; lastKnownFileType = sourcecode.swift; name = PluginEnumerateDevices.swift; path = "cordova-plugin-iosrtc/PluginEnumerateDevices.swift"; sourceTree = "<group>"; };
		ED33DF2A687741AEAF9F8254 /* Bridging-Header.h */ = {isa = PBXFileReference; fileEncoding = 4; lastKnownFileType = sourcecode.c.h; path = "Bridging-Header.h"; sourceTree = "<group>"; };
		EE2A6F563CDF45E497890A32 /* PluginRTCTypes.swift */ = {isa = PBXFileReference; explicitFileType = undefined; fileEncoding = 4; includeInIndex = 0; lastKnownFileType = sourcecode.swift; name = PluginRTCTypes.swift; path = "cordova-plugin-iosrtc/PluginRTCTypes.swift"; sourceTree = "<group>"; };
		F38072DCC9564715AD630D2A /* RTCICEServer.h */ = {isa = PBXFileReference; explicitFileType = undefined; fileEncoding = 4; includeInIndex = 0; lastKnownFileType = sourcecode.c.h; name = RTCICEServer.h; path = "cordova-plugin-iosrtc/RTCICEServer.h"; sourceTree = "<group>"; };
		F4C344B289474751BEF6027E /* RTCMediaConstraints.h */ = {isa = PBXFileReference; explicitFileType = undefined; fileEncoding = 4; includeInIndex = 0; lastKnownFileType = sourcecode.c.h; name = RTCMediaConstraints.h; path = "cordova-plugin-iosrtc/RTCMediaConstraints.h"; sourceTree = "<group>"; };
		F4C8B6020B85420D9D256398 /* AudioToolbox.framework */ = {isa = PBXFileReference; explicitFileType = undefined; fileEncoding = 9; includeInIndex = 0; lastKnownFileType = wrapper.framework; name = AudioToolbox.framework; path = System/Library/Frameworks/AudioToolbox.framework; sourceTree = SDKROOT; };
		F75D8EACECCD4BD9A6A1C79E /* CoreLocation.framework */ = {isa = PBXFileReference; explicitFileType = undefined; fileEncoding = 9; includeInIndex = 0; lastKnownFileType = wrapper.framework; name = CoreLocation.framework; path = System/Library/Frameworks/CoreLocation.framework; sourceTree = SDKROOT; };
		F840E1F0165FE0F500CFE078 /* config.xml */ = {isa = PBXFileReference; lastKnownFileType = text.xml; name = config.xml; path = VoptiApp/config.xml; sourceTree = "<group>"; };
		FAAE99E76B304C01BB625E12 /* RTCEAGLVideoView.h */ = {isa = PBXFileReference; explicitFileType = undefined; fileEncoding = 4; includeInIndex = 0; lastKnownFileType = sourcecode.c.h; name = RTCEAGLVideoView.h; path = "cordova-plugin-iosrtc/RTCEAGLVideoView.h"; sourceTree = "<group>"; };
		FFC961804E394F23AD5D3AAC /* PluginUtils.swift */ = {isa = PBXFileReference; explicitFileType = undefined; fileEncoding = 4; includeInIndex = 0; lastKnownFileType = sourcecode.swift; name = PluginUtils.swift; path = "cordova-plugin-iosrtc/PluginUtils.swift"; sourceTree = "<group>"; };
/* End PBXFileReference section */

/* Begin PBXFrameworksBuildPhase section */
		1D60588F0D05DD3D006BFB54 /* Frameworks */ = {
			isa = PBXFrameworksBuildPhase;
			buildActionMask = 2147483647;
			files = (
				301BF552109A68D80062928A /* libCordova.a in Frameworks */,
				9A0A2A7B279245ABA73DD81C /* AVFoundation.framework in Frameworks */,
				F136B85A5AEF4EBAABB4B055 /* CoreMedia.framework in Frameworks */,
				A36C18C04EC44DEF8B7B22B4 /* GLKit.framework in Frameworks */,
				7EB8E6C156A04C6B958B6AE9 /* OpenGLES.framework in Frameworks */,
				51C4B71EDD7942FA86EDC6F6 /* CoreVideo.framework in Frameworks */,
				73C9F6BD4A0647FE88A9F557 /* CoreAudio.framework in Frameworks */,
				B51001E7F2A944CDB20E663F /* QuartzCore.framework in Frameworks */,
				B4191CCE329049AAA92946EF /* CoreLocation.framework in Frameworks */,
				B1FD725DD80E44ED881132FF /* AudioToolbox.framework in Frameworks */,
				8A30D51541DD40D4B6EC7B65 /* libc++.dylib in Frameworks */,
				867A355473AC4EB4BCDB4B5D /* libstdc++.dylib in Frameworks */,
				4778490047614802B60FC659 /* libsqlite3.0.dylib in Frameworks */,
				ED09C78FEA2041288870AEB9 /* VideoToolbox.framework in Frameworks */,
				D0CC9346836F49F0941C0131 /* libWebRTC-LATEST-Universal-Release.a in Frameworks */,
			);
			runOnlyForDeploymentPostprocessing = 0;
		};
/* End PBXFrameworksBuildPhase section */

/* Begin PBXGroup section */
		080E96DDFE201D6D7F000001 /* Classes */ = {
			isa = PBXGroup;
			children = (
				302D95EE14D2391D003F00A1 /* MainViewController.h */,
				302D95EF14D2391D003F00A1 /* MainViewController.m */,
				302D95F014D2391D003F00A1 /* MainViewController.xib */,
				1D3623240D0F684500981E51 /* AppDelegate.h */,
				1D3623250D0F684500981E51 /* AppDelegate.m */,
			);
			name = Classes;
			path = VoptiApp/Classes;
			sourceTree = SOURCE_ROOT;
		};
		19C28FACFE9D520D11CA2CBB /* Products */ = {
			isa = PBXGroup;
			children = (
				1D6058910D05DD3D006BFB54 /* VoptiApp.app */,
			);
			name = Products;
			sourceTree = "<group>";
		};
		29B97314FDCFA39411CA2CEA /* CustomTemplate */ = {
			isa = PBXGroup;
			children = (
				EB87FDF41871DAF40020F90C /* config.xml */,
				EB87FDF31871DA8E0020F90C /* www */,
				EB87FDF11871DA420020F90C /* Staging */,
				301BF52D109A57CC0062928A /* CordovaLib.xcodeproj */,
				080E96DDFE201D6D7F000001 /* Classes */,
				307C750510C5A3420062BCA9 /* Plugins */,
				29B97315FDCFA39411CA2CEA /* Other Sources */,
				29B97317FDCFA39411CA2CEA /* Resources */,
				29B97323FDCFA39411CA2CEA /* Frameworks */,
				19C28FACFE9D520D11CA2CBB /* Products */,
			);
			name = CustomTemplate;
			sourceTree = "<group>";
		};
		29B97315FDCFA39411CA2CEA /* Other Sources */ = {
			isa = PBXGroup;
			children = (
				32CA4F630368D1EE00C91783 /* VoptiApp-Prefix.pch */,
				29B97316FDCFA39411CA2CEA /* main.m */,
				ED33DF2A687741AEAF9F8254 /* Bridging-Header.h */,
			);
			name = "Other Sources";
			path = VoptiApp;
			sourceTree = "<group>";
		};
		29B97317FDCFA39411CA2CEA /* Resources */ = {
			isa = PBXGroup;
			children = (
				0207DA571B56EA530066E2B4 /* Images.xcassets */,
				3047A50E1AB8057F00498E2A /* config */,
				8D1107310486CEB800E47090 /* VoptiApp-Info.plist */,
			);
			name = Resources;
			path = VoptiApp/Resources;
			sourceTree = "<group>";
		};
		29B97323FDCFA39411CA2CEA /* Frameworks */ = {
			isa = PBXGroup;
			children = (
				25AA83B953864B66A6E07D1A /* AVFoundation.framework */,
				81B321DB62474E4095D0102E /* CoreMedia.framework */,
				199D42D05F1847209115824E /* GLKit.framework */,
				43F3B0E4E40D489FB351C079 /* OpenGLES.framework */,
				AC224345395740FF90A174ED /* CoreVideo.framework */,
				45800738EEDC400FA20C1493 /* CoreAudio.framework */,
				E530B59D6AED4C409A834748 /* QuartzCore.framework */,
				F75D8EACECCD4BD9A6A1C79E /* CoreLocation.framework */,
				F4C8B6020B85420D9D256398 /* AudioToolbox.framework */,
				EA3AF0FB84ED4ACD82C2CB72 /* libc++.dylib */,
				8F5D059C071B49738559D541 /* libstdc++.dylib */,
				E79A09ADD4AB442582AABA49 /* libsqlite3.0.dylib */,
				B22CD8B59544483E9D579D02 /* VideoToolbox.framework */,
				6194494EFD85475D9724A859 /* libWebRTC-LATEST-Universal-Release.a */,
			);
			name = Frameworks;
			sourceTree = "<group>";
		};
		301BF52E109A57CC0062928A /* Products */ = {
			isa = PBXGroup;
			children = (
				301BF535109A57CC0062928A /* libCordova.a */,
			);
			name = Products;
			sourceTree = "<group>";
		};
		3047A50E1AB8057F00498E2A /* config */ = {
			isa = PBXGroup;
			children = (
				3047A50F1AB8059700498E2A /* build-debug.xcconfig */,
				3047A5101AB8059700498E2A /* build-release.xcconfig */,
				3047A5111AB8059700498E2A /* build.xcconfig */,
			);
			name = config;
			sourceTree = "<group>";
		};
		307C750510C5A3420062BCA9 /* Plugins */ = {
			isa = PBXGroup;
			children = (
				6BBF2475DE4D4949982456A2 /* iosrtcPlugin.swift */,
				EE2A6F563CDF45E497890A32 /* PluginRTCTypes.swift */,
				0931CB44B256494BABA8C712 /* PluginRTCPeerConnection.swift */,
				C18D7A78BD304A9A9CDFADF5 /* PluginRTCPeerConnectionConfig.swift */,
				89E9B7B83DCD4FFEB597A68E /* PluginRTCPeerConnectionConstraints.swift */,
				8B90F9C446CD4DE4B4605427 /* PluginRTCDataChannel.swift */,
				369B626E1FCD45EF990F5E04 /* PluginRTCDTMFSender.swift */,
				CD250CEDB3554E6D83895C36 /* PluginMediaStream.swift */,
				68DDC46C80E543DB9A50D542 /* PluginMediaStreamTrack.swift */,
				424DF4EE9F8C44B1BA392CDB /* PluginGetUserMedia.swift */,
				EC85A7779A6945DD91D5C760 /* PluginEnumerateDevices.swift */,
				FFC961804E394F23AD5D3AAC /* PluginUtils.swift */,
				0A1CB46E62C94C309D4B48CD /* PluginMediaStreamRenderer.swift */,
				6DCBD96E739E468E87D53E6D /* RTCAVFoundationVideoSource.h */,
				134F8B6BD3E5425DBA9AB331 /* RTCAudioSource.h */,
				9EFB0E602B064E98845A7E34 /* RTCAudioTrack.h */,
				341AC42B31914EE08C4B69E6 /* RTCDataChannel.h */,
				420E502F5E184A45A0997815 /* RTCDTMFSender.h */,
				FAAE99E76B304C01BB625E12 /* RTCEAGLVideoView.h */,
				540B8FA8475B4C54A63D47CD /* RTCFileLogger.h */,
				CE808F2DDED74AFA8E6678AB /* RTCI420Frame.h */,
				37E05B2667914FABA1C40165 /* RTCICECandidate.h */,
				F38072DCC9564715AD630D2A /* RTCICEServer.h */,
				CD1588DD1236408BAA3FC0D9 /* RTCLogging.h */,
				F4C344B289474751BEF6027E /* RTCMediaConstraints.h */,
				0A2632EB2E6242F0910A883F /* RTCMediaSource.h */,
				07F725AC4D6540329543ADF0 /* RTCMediaStream.h */,
				97C3114477D442EA913A0387 /* RTCMediaStreamTrack.h */,
				AAFD9867A34C4AF68EE72A26 /* RTCNSGLVideoView.h */,
				48F87A9AA9654BCBB405DC95 /* RTCOpenGLVideoRenderer.h */,
				B819DBB55210474A825AE5E8 /* RTCPair.h */,
				304793AF3BFA4E00B5FD3D2D /* RTCPeerConnection.h */,
				B554EFE412994ED5A43FF616 /* RTCPeerConnectionDelegate.h */,
				DA605E19E12348C9AB998590 /* RTCPeerConnectionFactory.h */,
				523CDFF2CE4E4A0B87C7AFEE /* RTCPeerConnectionInterface.h */,
				244BD6858F414BA79A91089E /* RTCSessionDescription.h */,
				0121A9F9C7FD444EB5FE5AC5 /* RTCSessionDescriptionDelegate.h */,
				1EB0B184091F4D79ADDD0EC5 /* RTCStatsDelegate.h */,
				43C0B7BFB168420A8970912B /* RTCStatsReport.h */,
				72B109C871E64F6EBE0FE058 /* RTCTypes.h */,
				6200E1F078D141B0AF2D55DC /* RTCVideoCapturer.h */,
				DC3A69A18C7D4B2CBDB14103 /* RTCVideoRenderer.h */,
				AA9FA49AE06743498594A5F5 /* RTCVideoSource.h */,
				EA28C44101FF40A8B6FBE94A /* RTCVideoTrack.h */,
				53219E7BE11B42D28792610B /* cordova-plugin-iosrtc-Bridging-Header.h */,
			);
			name = Plugins;
			path = VoptiApp/Plugins;
			sourceTree = SOURCE_ROOT;
		};
		EB87FDF11871DA420020F90C /* Staging */ = {
			isa = PBXGroup;
			children = (
				F840E1F0165FE0F500CFE078 /* config.xml */,
				301BF56E109A69640062928A /* www */,
			);
			name = Staging;
			sourceTree = "<group>";
		};
/* End PBXGroup section */

/* Begin PBXNativeTarget section */
		1D6058900D05DD3D006BFB54 /* VoptiApp */ = {
			isa = PBXNativeTarget;
			buildConfigurationList = 1D6058960D05DD3E006BFB54 /* Build configuration list for PBXNativeTarget "VoptiApp" */;
			buildPhases = (
				304B58A110DAC018002A0835 /* Copy www directory */,
				1D60588D0D05DD3D006BFB54 /* Resources */,
				1D60588E0D05DD3D006BFB54 /* Sources */,
				1D60588F0D05DD3D006BFB54 /* Frameworks */,
			);
			buildRules = (
			);
			dependencies = (
				301BF551109A68C00062928A /* PBXTargetDependency */,
			);
			name = VoptiApp;
			productName = VoptiApp;
			productReference = 1D6058910D05DD3D006BFB54 /* VoptiApp.app */;
			productType = "com.apple.product-type.application";
		};
/* End PBXNativeTarget section */

/* Begin PBXProject section */
		29B97313FDCFA39411CA2CEA /* Project object */ = {
			isa = PBXProject;
			attributes = {
				LastSwiftUpdateCheck = 0730;
				LastUpgradeCheck = 0730;
			};
			buildConfigurationList = C01FCF4E08A954540054247B /* Build configuration list for PBXProject "VoptiApp" */;
			compatibilityVersion = "Xcode 3.2";
			developmentRegion = English;
			hasScannedForEncodings = 1;
			knownRegions = (
				en,
			);
			mainGroup = 29B97314FDCFA39411CA2CEA /* CustomTemplate */;
			projectDirPath = "";
			projectReferences = (
				{
					ProductGroup = 301BF52E109A57CC0062928A /* Products */;
					ProjectRef = 301BF52D109A57CC0062928A /* CordovaLib.xcodeproj */;
				},
			);
			projectRoot = "";
			targets = (
				1D6058900D05DD3D006BFB54 /* VoptiApp */,
			);
		};
/* End PBXProject section */

/* Begin PBXReferenceProxy section */
		301BF535109A57CC0062928A /* libCordova.a */ = {
			isa = PBXReferenceProxy;
			fileType = archive.ar;
			path = libCordova.a;
			remoteRef = 301BF534109A57CC0062928A /* PBXContainerItemProxy */;
			sourceTree = BUILT_PRODUCTS_DIR;
		};
/* End PBXReferenceProxy section */

/* Begin PBXResourcesBuildPhase section */
		1D60588D0D05DD3D006BFB54 /* Resources */ = {
			isa = PBXResourcesBuildPhase;
			buildActionMask = 2147483647;
			files = (
				302D95F214D2391D003F00A1 /* MainViewController.xib in Resources */,
				0207DA581B56EA530066E2B4 /* Images.xcassets in Resources */,
			);
			runOnlyForDeploymentPostprocessing = 0;
		};
/* End PBXResourcesBuildPhase section */

/* Begin PBXShellScriptBuildPhase section */
		304B58A110DAC018002A0835 /* Copy www directory */ = {
			isa = PBXShellScriptBuildPhase;
			buildActionMask = 2147483647;
			files = (
			);
			inputPaths = (
			);
			name = "Copy www directory";
			outputPaths = (
			);
			runOnlyForDeploymentPostprocessing = 0;
			shellPath = /bin/sh;
			shellScript = "NODEJS_PATH=/usr/local/bin; NVM_NODE_PATH=~/.nvm/versions/node/`nvm version 2>/dev/null`/bin; N_NODE_PATH=`find /usr/local/n/versions/node/* -maxdepth 0 -type d 2>/dev/null | tail -1`/bin; XCODE_NODE_PATH=`xcode-select --print-path`/usr/share/xcs/Node/bin; PATH=$NODEJS_PATH:$NVM_NODE_PATH:$N_NODE_PATH:$XCODE_NODE_PATH:$PATH && node cordova/lib/copy-www-build-step.js";
			showEnvVarsInLog = 0;
		};
/* End PBXShellScriptBuildPhase section */

/* Begin PBXSourcesBuildPhase section */
		1D60588E0D05DD3D006BFB54 /* Sources */ = {
			isa = PBXSourcesBuildPhase;
			buildActionMask = 2147483647;
			files = (
				1D60589B0D05DD56006BFB54 /* main.m in Sources */,
				1D3623260D0F684500981E51 /* AppDelegate.m in Sources */,
				302D95F114D2391D003F00A1 /* MainViewController.m in Sources */,
				53ABAA5BE4CE448E8A2CA64B /* iosrtcPlugin.swift in Sources */,
				E5F31D1E6BB042AC914760EB /* PluginRTCTypes.swift in Sources */,
				A8DB4C92722B4305BC7152A4 /* PluginRTCPeerConnection.swift in Sources */,
				3DDEC1FEE6B54A6E99D0A593 /* PluginRTCPeerConnectionConfig.swift in Sources */,
				8BDBCDC7551F4AAD95775636 /* PluginRTCPeerConnectionConstraints.swift in Sources */,
				DDB324C8171C434C82410EF3 /* PluginRTCDataChannel.swift in Sources */,
				629A328AD5F148F4A20FC859 /* PluginRTCDTMFSender.swift in Sources */,
				8532F583DD444757BEB3BB29 /* PluginMediaStream.swift in Sources */,
				ADF0641A7B114E9C8FEC8493 /* PluginMediaStreamTrack.swift in Sources */,
				F7E73165FCE8472AB6E63B15 /* PluginGetUserMedia.swift in Sources */,
				66CE3C74D60F4523A75ACE9C /* PluginEnumerateDevices.swift in Sources */,
				BDB970C1AB054AE9A6954546 /* PluginUtils.swift in Sources */,
				AC37A9192A7E4A18A7F61A99 /* PluginMediaStreamRenderer.swift in Sources */,
			);
			runOnlyForDeploymentPostprocessing = 0;
		};
/* End PBXSourcesBuildPhase section */

/* Begin PBXTargetDependency section */
		301BF551109A68C00062928A /* PBXTargetDependency */ = {
			isa = PBXTargetDependency;
			name = CordovaLib;
			targetProxy = 301BF550109A68C00062928A /* PBXContainerItemProxy */;
		};
/* End PBXTargetDependency section */

/* Begin XCBuildConfiguration section */
		1D6058940D05DD3E006BFB54 /* Debug */ = {
			isa = XCBuildConfiguration;
			baseConfigurationReference = 3047A50F1AB8059700498E2A /* build-debug.xcconfig */;
			buildSettings = {
				ALWAYS_SEARCH_USER_PATHS = NO;
				ASSETCATALOG_COMPILER_APPICON_NAME = AppIcon;
				ASSETCATALOG_COMPILER_LAUNCHIMAGE_NAME = LaunchImage;
				CLANG_ENABLE_MODULES = YES;
				CLANG_ENABLE_OBJC_ARC = YES;
				COPY_PHASE_STRIP = NO;
				ENABLE_BITCODE = NO;
				GCC_DYNAMIC_NO_PIC = NO;
				GCC_OPTIMIZATION_LEVEL = 0;
				GCC_PRECOMPILE_PREFIX_HEADER = YES;
				GCC_PREFIX_HEADER = "VoptiApp/VoptiApp-Prefix.pch";
				GCC_THUMB_SUPPORT = NO;
				GCC_VERSION = "";
				INFOPLIST_FILE = "VoptiApp/VoptiApp-Info.plist";
				IPHONEOS_DEPLOYMENT_TARGET = 9.2;
				LD_RUNPATH_SEARCH_PATHS = "@executable_path/Frameworks";
				LIBRARY_SEARCH_PATHS = (
					"$(inherited)",
					"\"$(SRCROOT)/VoptiApp/Plugins/cordova-plugin-iosrtc\"",
				);
				PRODUCT_BUNDLE_IDENTIFIER = com.example.vopticonnect;
				PRODUCT_NAME = VoptiApp;
				SWIFT_OBJC_BRIDGING_HEADER = "VoptiApp/Plugins/cordova-plugin-iosrtc/cordova-plugin-iosrtc-Bridging-Header.h";
				SWIFT_OPTIMIZATION_LEVEL = "-Onone";
			};
			name = Debug;
		};
		1D6058950D05DD3E006BFB54 /* Release */ = {
			isa = XCBuildConfiguration;
			baseConfigurationReference = 3047A5101AB8059700498E2A /* build-release.xcconfig */;
			buildSettings = {
				ALWAYS_SEARCH_USER_PATHS = NO;
				ASSETCATALOG_COMPILER_APPICON_NAME = AppIcon;
				ASSETCATALOG_COMPILER_LAUNCHIMAGE_NAME = LaunchImage;
				CLANG_ENABLE_MODULES = YES;
				CLANG_ENABLE_OBJC_ARC = YES;
				COPY_PHASE_STRIP = YES;
				ENABLE_BITCODE = NO;
				GCC_PRECOMPILE_PREFIX_HEADER = YES;
				GCC_PREFIX_HEADER = "VoptiApp/VoptiApp-Prefix.pch";
				GCC_THUMB_SUPPORT = NO;
				GCC_VERSION = "";
				INFOPLIST_FILE = "VoptiApp/VoptiApp-Info.plist";
				IPHONEOS_DEPLOYMENT_TARGET = 9.2;
				LD_RUNPATH_SEARCH_PATHS = "@executable_path/Frameworks";
				LIBRARY_SEARCH_PATHS = (
					"$(inherited)",
					"\"$(SRCROOT)/VoptiApp/Plugins/cordova-plugin-iosrtc\"",
				);
				PRODUCT_BUNDLE_IDENTIFIER = com.example.vopticonnect;
				PRODUCT_NAME = VoptiApp;
				SWIFT_OBJC_BRIDGING_HEADER = "VoptiApp/Plugins/cordova-plugin-iosrtc/cordova-plugin-iosrtc-Bridging-Header.h";
				SWIFT_OPTIMIZATION_LEVEL = "-Onone";
			};
			name = Release;
		};
		C01FCF4F08A954540054247B /* Debug */ = {
			isa = XCBuildConfiguration;
			baseConfigurationReference = 3047A5111AB8059700498E2A /* build.xcconfig */;
			buildSettings = {
				CLANG_ENABLE_MODULES = YES;
				CLANG_ENABLE_OBJC_ARC = YES;
				CLANG_WARN_BOOL_CONVERSION = YES;
				CLANG_WARN_CONSTANT_CONVERSION = YES;
				CLANG_WARN_EMPTY_BODY = YES;
				CLANG_WARN_ENUM_CONVERSION = YES;
				CLANG_WARN_INT_CONVERSION = YES;
				CLANG_WARN__DUPLICATE_METHOD_MATCH = YES;
				ENABLE_BITCODE = NO;
				ENABLE_TESTABILITY = YES;
				GCC_C_LANGUAGE_STANDARD = c99;
				GCC_THUMB_SUPPORT = NO;
				GCC_VERSION = "";
				GCC_WARN_ABOUT_RETURN_TYPE = YES;
				GCC_WARN_UNDECLARED_SELECTOR = YES;
				GCC_WARN_UNINITIALIZED_AUTOS = YES;
				GCC_WARN_UNUSED_FUNCTION = YES;
				GCC_WARN_UNUSED_VARIABLE = YES;
				IPHONEOS_DEPLOYMENT_TARGET = 9.2;
				LD_RUNPATH_SEARCH_PATHS = "@executable_path/Frameworks";
				ONLY_ACTIVE_ARCH = YES;
				SDKROOT = iphoneos;
				SKIP_INSTALL = NO;
				SWIFT_OBJC_BRIDGING_HEADER = "VoptiApp/Plugins/cordova-plugin-iosrtc/cordova-plugin-iosrtc-Bridging-Header.h";
				SWIFT_OPTIMIZATION_LEVEL = "-Onone";
			};
			name = Debug;
		};
		C01FCF5008A954540054247B /* Release */ = {
			isa = XCBuildConfiguration;
			baseConfigurationReference = 3047A5111AB8059700498E2A /* build.xcconfig */;
			buildSettings = {
				CLANG_ENABLE_MODULES = YES;
				CLANG_ENABLE_OBJC_ARC = YES;
				CLANG_WARN_BOOL_CONVERSION = YES;
				CLANG_WARN_CONSTANT_CONVERSION = YES;
				CLANG_WARN_EMPTY_BODY = YES;
				CLANG_WARN_ENUM_CONVERSION = YES;
				CLANG_WARN_INT_CONVERSION = YES;
				CLANG_WARN__DUPLICATE_METHOD_MATCH = YES;
				ENABLE_BITCODE = NO;
				GCC_C_LANGUAGE_STANDARD = c99;
				GCC_THUMB_SUPPORT = NO;
				GCC_VERSION = "";
				GCC_WARN_ABOUT_RETURN_TYPE = YES;
				GCC_WARN_UNDECLARED_SELECTOR = YES;
				GCC_WARN_UNINITIALIZED_AUTOS = YES;
				GCC_WARN_UNUSED_FUNCTION = YES;
				GCC_WARN_UNUSED_VARIABLE = YES;
				IPHONEOS_DEPLOYMENT_TARGET = 9.2;
				LD_RUNPATH_SEARCH_PATHS = "@executable_path/Frameworks";
				SDKROOT = iphoneos;
				SKIP_INSTALL = NO;
				SWIFT_OBJC_BRIDGING_HEADER = "VoptiApp/Plugins/cordova-plugin-iosrtc/cordova-plugin-iosrtc-Bridging-Header.h";
				SWIFT_OPTIMIZATION_LEVEL = "-Onone";
			};
			name = Release;
		};
/* End XCBuildConfiguration section */

/* Begin XCConfigurationList section */
		1D6058960D05DD3E006BFB54 /* Build configuration list for PBXNativeTarget "VoptiApp" */ = {
			isa = XCConfigurationList;
			buildConfigurations = (
				1D6058940D05DD3E006BFB54 /* Debug */,
				1D6058950D05DD3E006BFB54 /* Release */,
			);
			defaultConfigurationIsVisible = 0;
			defaultConfigurationName = Release;
		};
		C01FCF4E08A954540054247B /* Build configuration list for PBXProject "VoptiApp" */ = {
			isa = XCConfigurationList;
			buildConfigurations = (
				C01FCF4F08A954540054247B /* Debug */,
				C01FCF5008A954540054247B /* Release */,
			);
			defaultConfigurationIsVisible = 0;
			defaultConfigurationName = Release;
		};
/* End XCConfigurationList section */
	};
	rootObject = 29B97313FDCFA39411CA2CEA /* Project object */;
}
